# This file was autogenerated by Stack.
# You should not edit this file by hand.
# For more information, please see the documentation at:
#   https://docs.haskellstack.org/en/stable/lock_files

packages: []
snapshots:
- completed:
    size: 424302
    url: https://raw.githubusercontent.com/commercialhaskell/stackage-snapshots/master/lts/6/17.yaml
    sha256: 1e31bc4fe6b9781040736a709afcf5e6ccbc7da5761f5fc8eeda629a8413b2d2
  original: lts-6.17
