# This file was autogenerated by Stack.
# You should not edit this file by hand.
# For more information, please see the documentation at:
#   https://docs.haskellstack.org/en/stable/lock_files

packages:
- completed:
    hackage: repline-0.1.2.0@sha256:f541f8a690321e73feb8a6df3ebf83234aab3659941084959ff5e47e06060538,1202
    pantry-tree:
      size: 270
      sha256: b9372c160ce4e371df00dc2bb5306de337ced17582330c5794d7176281974e25
  original:
    hackage: repline-0.1.2.0
snapshots:
- completed:
    size: 424302
    url: https://raw.githubusercontent.com/commercialhaskell/stackage-snapshots/master/lts/6/17.yaml
    sha256: 1e31bc4fe6b9781040736a709afcf5e6ccbc7da5761f5fc8eeda629a8413b2d2
  original: lts-6.17
